
Microsoft Visual Studio Solution File, Format Version 12.00
# Visual Studio Version 17
VisualStudioVersion = 17.6.33815.320
MinimumVisualStudioVersion = 10.0.40219.1
Project("{FAE04EC0-301F-11D3-BF4B-00C04F79EFBC}") = "Biblioteca CS", "Biblioteca CS\Biblioteca CS.csproj", "{151AEA68-5F9E-47B8-9FA5-A6FF3CE14724}"
	ProjectSection(ProjectDependencies) = postProject
		{E295C189-1C6C-4552-A941-40658DC53561} = {E295C189-1C6C-4552-A941-40658DC53561}
	EndProjectSection
EndProject
Project("{FAE04EC0-301F-11D3-BF4B-00C04F79EFBC}") = "ServiceProject", "ServiceProject\ServiceProject.csproj", "{E295C189-1C6C-4552-A941-40658DC53561}"
EndProject
Project("{FAE04EC0-301F-11D3-BF4B-00C04F79EFBC}") = "DataProject", "DataProject\DataProject.csproj", "{3EB937DA-6204-4BE3-B64F-002B68D54EA4}"
EndProject
Global
	GlobalSection(SolutionConfigurationPlatforms) = preSolution
		Debug|Any CPU = Debug|Any CPU
		Release|Any CPU = Release|Any CPU
	EndGlobalSection
	GlobalSection(ProjectConfigurationPlatforms) = postSolution
		{151AEA68-5F9E-47B8-9FA5-A6FF3CE14724}.Debug|Any CPU.ActiveCfg = Debug|Any CPU
		{151AEA68-5F9E-47B8-9FA5-A6FF3CE14724}.Debug|Any CPU.Build.0 = Debug|Any CPU
		{151AEA68-5F9E-47B8-9FA5-A6FF3CE14724}.Release|Any CPU.ActiveCfg = Release|Any CPU
		{151AEA68-5F9E-47B8-9FA5-A6FF3CE14724}.Release|Any CPU.Build.0 = Release|Any CPU
		{E295C189-1C6C-4552-A941-40658DC53561}.Debug|Any CPU.ActiveCfg = Debug|Any CPU
		{E295C189-1C6C-4552-A941-40658DC53561}.Debug|Any CPU.Build.0 = Debug|Any CPU
		{E295C189-1C6C-4552-A941-40658DC53561}.Release|Any CPU.ActiveCfg = Release|Any CPU
		{E295C189-1C6C-4552-A941-40658DC53561}.Release|Any CPU.Build.0 = Release|Any CPU
		{3EB937DA-6204-4BE3-B64F-002B68D54EA4}.Debug|Any CPU.ActiveCfg = Debug|Any CPU
		{3EB937DA-6204-4BE3-B64F-002B68D54EA4}.Debug|Any CPU.Build.0 = Debug|Any CPU
		{3EB937DA-6204-4BE3-B64F-002B68D54EA4}.Release|Any CPU.ActiveCfg = Release|Any CPU
		{3EB937DA-6204-4BE3-B64F-002B68D54EA4}.Release|Any CPU.Build.0 = Release|Any CPU
	EndGlobalSection
	GlobalSection(SolutionProperties) = preSolution
		HideSolutionNode = FALSE
	EndGlobalSection
	GlobalSection(ExtensibilityGlobals) = postSolution
		SolutionGuid = {53E8442C-EF96-4664-A80A-AD90CE2CC152}
	EndGlobalSection
EndGlobal
